
Microsoft Visual Studio Solution File, Format Version 12.00
# Visual Studio Version 17
VisualStudioVersion = 17.0.32014.148
MinimumVisualStudioVersion = 10.0.40219.1
Project("{FAE04EC0-301F-11D3-BF4B-00C04F79EFBC}") = "MatthewMcAllister", "MatthewMcAllister\MatthewMcAllister.csproj", "{25C5B050-919C-435F-8566-E983824DBC65}"
EndProject
Global
	GlobalSection(SolutionConfigurationPlatforms) = preSolution
		Debug|Any CPU = Debug|Any CPU
		Release|Any CPU = Release|Any CPU
	EndGlobalSection
	GlobalSection(ProjectConfigurationPlatforms) = postSolution
		{25C5B050-919C-435F-8566-E983824DBC65}.Debug|Any CPU.ActiveCfg = Debug|Any CPU
		{25C5B050-919C-435F-8566-E983824DBC65}.Debug|Any CPU.Build.0 = Debug|Any CPU
		{25C5B050-919C-435F-8566-E983824DBC65}.Release|Any CPU.ActiveCfg = Release|Any CPU
		{25C5B050-919C-435F-8566-E983824DBC65}.Release|Any CPU.Build.0 = Release|Any CPU
	EndGlobalSection
	GlobalSection(SolutionProperties) = preSolution
		HideSolutionNode = FALSE
	EndGlobalSection
	GlobalSection(ExtensibilityGlobals) = postSolution
		SolutionGuid = {AC4D4A75-8DB1-48F3-93C3-FAE16F2A2C5E}
	EndGlobalSection
EndGlobal
